{
  "nodes": {
    "dotfiles": {
      "flake": false,
      "locked": {
        "lastModified": 1767031746,
        "narHash": "sha256-v289oS0cqo95urjsnle4JU14qwMzNHwB69lNMF2mjuk=",
        "ref": "refs/heads/main",
        "rev": "8ae14725e6ace1694868fa6c76f3072add19305d",
        "revCount": 5775,
        "submodules": true,
        "type": "git",
        "url": "https://github.com/Kexfff/dots-hyprland"
      },
      "original": {
        "rev": "8ae14725e6ace1694868fa6c76f3072add19305d",
        "submodules": true,
        "type": "git",
        "url": "https://github.com/Kexfff/dots-hyprland"
      }
    },
    "flake-parts": {
      "inputs": {
        "nixpkgs-lib": [
          "nur",
          "nixpkgs"
        ]
      },
      "locked": {
        "lastModified": 1733312601,
        "narHash": "sha256-4pDvzqnegAfRkPwO3wmwBhVi/Sye1mzps0zHWYnP88c=",
        "owner": "hercules-ci",
        "repo": "flake-parts",
        "rev": "205b12d8b7cd4802fbcb8e8ef6a0f1408781a4f9",
        "type": "github"
      },
      "original": {
        "owner": "hercules-ci",
        "repo": "flake-parts",
        "type": "github"
      }
    },
    "nixpkgs": {
      "locked": {
        "lastModified": 1767767207,
        "narHash": "sha256-Mj3d3PfwltLmukFal5i3fFt27L6NiKXdBezC1EBuZs4=",
        "owner": "NixOS",
        "repo": "nixpkgs",
        "rev": "5912c1772a44e31bf1c63c0390b90501e5026886",
        "type": "github"
      },
      "original": {
        "owner": "NixOS",
        "ref": "nixos-unstable",
        "repo": "nixpkgs",
        "type": "github"
      }
    },
    "nur": {
      "inputs": {
        "flake-parts": "flake-parts",
        "nixpkgs": [
          "nixpkgs"
        ]
      },
      "locked": {
        "lastModified": 1767869130,
        "narHash": "sha256-DW2MDIZIavSp12xnQinFGKsmYeDTGDP2pUy3eol/9cU=",
        "owner": "nix-community",
        "repo": "NUR",
        "rev": "1444ad06b4b6cf9cf93b837fffc45bc6637d3fda",
        "type": "github"
      },
      "original": {
        "owner": "nix-community",
        "repo": "NUR",
        "type": "github"
      }
    },
    "quickshell": {
      "inputs": {
        "nixpkgs": [
          "nixpkgs"
        ]
      },
      "locked": {
        "lastModified": 1767868508,
        "narHash": "sha256-Hxf1mAGY7pIeG15G1JG8Uf+GfooppPnq6EZm/gpWaAU=",
        "ref": "refs/heads/master",
        "rev": "8d19beb69ea72585b93d0ec94168d0bf25f1bd68",
        "revCount": 718,
        "type": "git",
        "url": "https://git.outfoxxed.me/outfoxxed/quickshell"
      },
      "original": {
        "type": "git",
        "url": "https://git.outfoxxed.me/outfoxxed/quickshell"
      }
    },
    "root": {
      "inputs": {
        "dotfiles": "dotfiles",
        "nixpkgs": "nixpkgs",
        "nur": "nur",
        "quickshell": "quickshell"
      }
    }
  },
  "root": "root",
  "version": 7
}
