{
  "nodes": {
    "dotfiles": {
      "flake": false,
      "locked": {
        "lastModified": 1767879151,
        "narHash": "sha256-DQ+pDMifJXSYuBecDeJBi+7/Ei0FBrQAuKca0EiMQIw=",
        "ref": "refs/heads/main",
        "rev": "c7d1be3515e27bdb75d5e6a706119abf2c8af3cb",
        "revCount": 5811,
        "submodules": true,
        "type": "git",
        "url": "https://github.com/Kexfff/dots-hyprland"
      },
      "original": {
        "rev": "c7d1be3515e27bdb75d5e6a706119abf2c8af3cb",
        "submodules": true,
        "type": "git",
        "url": "https://github.com/Kexfff/dots-hyprland"
      }
    },
    "flake-parts": {
      "inputs": {
        "nixpkgs-lib": [
          "nur",
          "nixpkgs"
        ]
      },
      "locked": {
        "lastModified": 1733312601,
        "narHash": "sha256-4pDvzqnegAfRkPwO3wmwBhVi/Sye1mzps0zHWYnP88c=",
        "owner": "hercules-ci",
        "repo": "flake-parts",
        "rev": "205b12d8b7cd4802fbcb8e8ef6a0f1408781a4f9",
        "type": "github"
      },
      "original": {
        "owner": "hercules-ci",
        "repo": "flake-parts",
        "type": "github"
      }
    },
    "nixpkgs": {
      "locked": {
        "lastModified": 1767767207,
        "narHash": "sha256-Mj3d3PfwltLmukFal5i3fFt27L6NiKXdBezC1EBuZs4=",
        "owner": "NixOS",
        "repo": "nixpkgs",
        "rev": "5912c1772a44e31bf1c63c0390b90501e5026886",
        "type": "github"
      },
      "original": {
        "owner": "NixOS",
        "ref": "nixos-unstable",
        "repo": "nixpkgs",
        "type": "github"
      }
    },
    "nur": {
      "inputs": {
        "flake-parts": "flake-parts",
        "nixpkgs": [
          "nixpkgs"
        ]
      },
      "locked": {
        "lastModified": 1767878548,
        "narHash": "sha256-LDL4UYMA6mwCde5vsUrBTukLETvg/RWVL7cj28dvN1E=",
        "owner": "nix-community",
        "repo": "NUR",
        "rev": "994781c1ab51a5f1ec988a4d452a51bc71170bac",
        "type": "github"
      },
      "original": {
        "owner": "nix-community",
        "repo": "NUR",
        "type": "github"
      }
    },
    "quickshell": {
      "inputs": {
        "nixpkgs": [
          "nixpkgs"
        ]
      },
      "locked": {
        "lastModified": 1767874269,
        "narHash": "sha256-++tlVUxW8nq0uqbcU1h7X0QQnOehY3/EWUCOr1kbVvM=",
        "ref": "refs/heads/master",
        "rev": "5d8354a88be2ce2c16add7457c94e29f6e7c3684",
        "revCount": 719,
        "type": "git",
        "url": "https://git.outfoxxed.me/outfoxxed/quickshell"
      },
      "original": {
        "type": "git",
        "url": "https://git.outfoxxed.me/outfoxxed/quickshell"
      }
    },
    "root": {
      "inputs": {
        "dotfiles": "dotfiles",
        "nixpkgs": "nixpkgs",
        "nur": "nur",
        "quickshell": "quickshell"
      }
    }
  },
  "root": "root",
  "version": 7
}
